// !$*UTF8*$!
{
	archiveVersion = 1;
	classes = {
	};
	objectVersion = 46;
	objects = {

/* Begin PBXBuildFile section */
		2A1E394E1965700E009BBA44 /* Foundation.framework in Frameworks */ = {isa = PBXBuildFile; fileRef = 2A1E394D1965700E009BBA44 /* Foundation.framework */; };
		2A1E39501965700E009BBA44 /* CoreGraphics.framework in Frameworks */ = {isa = PBXBuildFile; fileRef = 2A1E394F1965700E009BBA44 /* CoreGraphics.framework */; };
		2A1E39521965700E009BBA44 /* UIKit.framework in Frameworks */ = {isa = PBXBuildFile; fileRef = 2A1E39511965700E009BBA44 /* UIKit.framework */; };
		2A1E39581965700E009BBA44 /* InfoPlist.strings in Resources */ = {isa = PBXBuildFile; fileRef = 2A1E39561965700E009BBA44 /* InfoPlist.strings */; };
		2A1E395A1965700E009BBA44 /* main.m in Sources */ = {isa = PBXBuildFile; fileRef = 2A1E39591965700E009BBA44 /* main.m */; };
		2A1E395E1965700E009BBA44 /* BanterAppDelegate.m in Sources */ = {isa = PBXBuildFile; fileRef = 2A1E395D1965700E009BBA44 /* BanterAppDelegate.m */; };
		2A1E39601965700E009BBA44 /* Images.xcassets in Resources */ = {isa = PBXBuildFile; fileRef = 2A1E395F1965700E009BBA44 /* Images.xcassets */; };
		2A1E39671965700E009BBA44 /* XCTest.framework in Frameworks */ = {isa = PBXBuildFile; fileRef = 2A1E39661965700E009BBA44 /* XCTest.framework */; };
		2A1E39681965700E009BBA44 /* Foundation.framework in Frameworks */ = {isa = PBXBuildFile; fileRef = 2A1E394D1965700E009BBA44 /* Foundation.framework */; };
		2A1E39691965700E009BBA44 /* UIKit.framework in Frameworks */ = {isa = PBXBuildFile; fileRef = 2A1E39511965700E009BBA44 /* UIKit.framework */; };
		2A1E39711965700E009BBA44 /* InfoPlist.strings in Resources */ = {isa = PBXBuildFile; fileRef = 2A1E396F1965700E009BBA44 /* InfoPlist.strings */; };
		2A1E39731965700E009BBA44 /* BanterTests.m in Sources */ = {isa = PBXBuildFile; fileRef = 2A1E39721965700E009BBA44 /* BanterTests.m */; };
/* End PBXBuildFile section */

/* Begin PBXContainerItemProxy section */
		2A1E396A1965700E009BBA44 /* PBXContainerItemProxy */ = {
			isa = PBXContainerItemProxy;
			containerPortal = 2A1E39421965700E009BBA44 /* Project object */;
			proxyType = 1;
			remoteGlobalIDString = 2A1E39491965700E009BBA44;
			remoteInfo = Banter;
		};
/* End PBXContainerItemProxy section */

/* Begin PBXFileReference section */
		2A1E394A1965700E009BBA44 /* Banter.app */ = {isa = PBXFileReference; explicitFileType = wrapper.application; includeInIndex = 0; path = Banter.app; sourceTree = BUILT_PRODUCTS_DIR; };
		2A1E394D1965700E009BBA44 /* Foundation.framework */ = {isa = PBXFileReference; lastKnownFileType = wrapper.framework; name = Foundation.framework; path = System/Library/Frameworks/Foundation.framework; sourceTree = SDKROOT; };
		2A1E394F1965700E009BBA44 /* CoreGraphics.framework */ = {isa = PBXFileReference; lastKnownFileType = wrapper.framework; name = CoreGraphics.framework; path = System/Library/Frameworks/CoreGraphics.framework; sourceTree = SDKROOT; };
		2A1E39511965700E009BBA44 /* UIKit.framework */ = {isa = PBXFileReference; lastKnownFileType = wrapper.framework; name = UIKit.framework; path = System/Library/Frameworks/UIKit.framework; sourceTree = SDKROOT; };
		2A1E39551965700E009BBA44 /* Banter-Info.plist */ = {isa = PBXFileReference; lastKnownFileType = text.plist.xml; path = "Banter-Info.plist"; sourceTree = "<group>"; };
		2A1E39571965700E009BBA44 /* en */ = {isa = PBXFileReference; lastKnownFileType = text.plist.strings; name = en; path = en.lproj/InfoPlist.strings; sourceTree = "<group>"; };
		2A1E39591965700E009BBA44 /* main.m */ = {isa = PBXFileReference; lastKnownFileType = sourcecode.c.objc; path = main.m; sourceTree = "<group>"; };
		2A1E395B1965700E009BBA44 /* Banter-Prefix.pch */ = {isa = PBXFileReference; lastKnownFileType = sourcecode.c.h; path = "Banter-Prefix.pch"; sourceTree = "<group>"; };
		2A1E395C1965700E009BBA44 /* BanterAppDelegate.h */ = {isa = PBXFileReference; lastKnownFileType = sourcecode.c.h; path = BanterAppDelegate.h; sourceTree = "<group>"; };
		2A1E395D1965700E009BBA44 /* BanterAppDelegate.m */ = {isa = PBXFileReference; lastKnownFileType = sourcecode.c.objc; path = BanterAppDelegate.m; sourceTree = "<group>"; };
		2A1E395F1965700E009BBA44 /* Images.xcassets */ = {isa = PBXFileReference; lastKnownFileType = folder.assetcatalog; path = Images.xcassets; sourceTree = "<group>"; };
		2A1E39651965700E009BBA44 /* BanterTests.xctest */ = {isa = PBXFileReference; explicitFileType = wrapper.cfbundle; includeInIndex = 0; path = BanterTests.xctest; sourceTree = BUILT_PRODUCTS_DIR; };
		2A1E39661965700E009BBA44 /* XCTest.framework */ = {isa = PBXFileReference; lastKnownFileType = wrapper.framework; name = XCTest.framework; path = Library/Frameworks/XCTest.framework; sourceTree = DEVELOPER_DIR; };
		2A1E396E1965700E009BBA44 /* BanterTests-Info.plist */ = {isa = PBXFileReference; lastKnownFileType = text.plist.xml; path = "BanterTests-Info.plist"; sourceTree = "<group>"; };
		2A1E39701965700E009BBA44 /* en */ = {isa = PBXFileReference; lastKnownFileType = text.plist.strings; name = en; path = en.lproj/InfoPlist.strings; sourceTree = "<group>"; };
		2A1E39721965700E009BBA44 /* BanterTests.m */ = {isa = PBXFileReference; lastKnownFileType = sourcecode.c.objc; path = BanterTests.m; sourceTree = "<group>"; };
/* End PBXFileReference section */

/* Begin PBXFrameworksBuildPhase section */
		2A1E39471965700E009BBA44 /* Frameworks */ = {
			isa = PBXFrameworksBuildPhase;
			buildActionMask = 2147483647;
			files = (
				2A1E39501965700E009BBA44 /* CoreGraphics.framework in Frameworks */,
				2A1E39521965700E009BBA44 /* UIKit.framework in Frameworks */,
				2A1E394E1965700E009BBA44 /* Foundation.framework in Frameworks */,
			);
			runOnlyForDeploymentPostprocessing = 0;
		};
		2A1E39621965700E009BBA44 /* Frameworks */ = {
			isa = PBXFrameworksBuildPhase;
			buildActionMask = 2147483647;
			files = (
				2A1E39671965700E009BBA44 /* XCTest.framework in Frameworks */,
				2A1E39691965700E009BBA44 /* UIKit.framework in Frameworks */,
				2A1E39681965700E009BBA44 /* Foundation.framework in Frameworks */,
			);
			runOnlyForDeploymentPostprocessing = 0;
		};
/* End PBXFrameworksBuildPhase section */

/* Begin PBXGroup section */
		2A1E39411965700E009BBA44 = {
			isa = PBXGroup;
			children = (
				2A1E39531965700E009BBA44 /* Banter */,
				2A1E396C1965700E009BBA44 /* BanterTests */,
				2A1E394C1965700E009BBA44 /* Frameworks */,
				2A1E394B1965700E009BBA44 /* Products */,
			);
			sourceTree = "<group>";
		};
		2A1E394B1965700E009BBA44 /* Products */ = {
			isa = PBXGroup;
			children = (
				2A1E394A1965700E009BBA44 /* Banter.app */,
				2A1E39651965700E009BBA44 /* BanterTests.xctest */,
			);
			name = Products;
			sourceTree = "<group>";
		};
		2A1E394C1965700E009BBA44 /* Frameworks */ = {
			isa = PBXGroup;
			children = (
				2A1E394D1965700E009BBA44 /* Foundation.framework */,
				2A1E394F1965700E009BBA44 /* CoreGraphics.framework */,
				2A1E39511965700E009BBA44 /* UIKit.framework */,
				2A1E39661965700E009BBA44 /* XCTest.framework */,
			);
			name = Frameworks;
			sourceTree = "<group>";
		};
		2A1E39531965700E009BBA44 /* Banter */ = {
			isa = PBXGroup;
			children = (
				2A1E395C1965700E009BBA44 /* BanterAppDelegate.h */,
				2A1E395D1965700E009BBA44 /* BanterAppDelegate.m */,
				2A1E395F1965700E009BBA44 /* Images.xcassets */,
				2A1E39541965700E009BBA44 /* Supporting Files */,
			);
			path = Banter;
			sourceTree = "<group>";
		};
		2A1E39541965700E009BBA44 /* Supporting Files */ = {
			isa = PBXGroup;
			children = (
				2A1E39551965700E009BBA44 /* Banter-Info.plist */,
				2A1E39561965700E009BBA44 /* InfoPlist.strings */,
				2A1E39591965700E009BBA44 /* main.m */,
				2A1E395B1965700E009BBA44 /* Banter-Prefix.pch */,
			);
			name = "Supporting Files";
			sourceTree = "<group>";
		};
		2A1E396C1965700E009BBA44 /* BanterTests */ = {
			isa = PBXGroup;
			children = (
				2A1E39721965700E009BBA44 /* BanterTests.m */,
				2A1E396D1965700E009BBA44 /* Supporting Files */,
			);
			path = BanterTests;
			sourceTree = "<group>";
		};
		2A1E396D1965700E009BBA44 /* Supporting Files */ = {
			isa = PBXGroup;
			children = (
				2A1E396E1965700E009BBA44 /* BanterTests-Info.plist */,
				2A1E396F1965700E009BBA44 /* InfoPlist.strings */,
			);
			name = "Supporting Files";
			sourceTree = "<group>";
		};
/* End PBXGroup section */

/* Begin PBXNativeTarget section */
		2A1E39491965700E009BBA44 /* Banter */ = {
			isa = PBXNativeTarget;
			buildConfigurationList = 2A1E39761965700E009BBA44 /* Build configuration list for PBXNativeTarget "Banter" */;
			buildPhases = (
				2A1E39461965700E009BBA44 /* Sources */,
				2A1E39471965700E009BBA44 /* Frameworks */,
				2A1E39481965700E009BBA44 /* Resources */,
			);
			buildRules = (
			);
			dependencies = (
			);
			name = Banter;
			productName = Banter;
			productReference = 2A1E394A1965700E009BBA44 /* Banter.app */;
			productType = "com.apple.product-type.application";
		};
		2A1E39641965700E009BBA44 /* BanterTests */ = {
			isa = PBXNativeTarget;
			buildConfigurationList = 2A1E39791965700E009BBA44 /* Build configuration list for PBXNativeTarget "BanterTests" */;
			buildPhases = (
				2A1E39611965700E009BBA44 /* Sources */,
				2A1E39621965700E009BBA44 /* Frameworks */,
				2A1E39631965700E009BBA44 /* Resources */,
			);
			buildRules = (
			);
			dependencies = (
				2A1E396B1965700E009BBA44 /* PBXTargetDependency */,
			);
			name = BanterTests;
			productName = BanterTests;
			productReference = 2A1E39651965700E009BBA44 /* BanterTests.xctest */;
			productType = "com.apple.product-type.bundle.unit-test";
		};
/* End PBXNativeTarget section */

/* Begin PBXProject section */
		2A1E39421965700E009BBA44 /* Project object */ = {
			isa = PBXProject;
			attributes = {
				CLASSPREFIX = Banter;
				LastUpgradeCheck = 0510;
				ORGANIZATIONNAME = "Sui Generis Innovations";
				TargetAttributes = {
					2A1E39641965700E009BBA44 = {
						TestTargetID = 2A1E39491965700E009BBA44;
					};
				};
			};
			buildConfigurationList = 2A1E39451965700E009BBA44 /* Build configuration list for PBXProject "Banter" */;
			compatibilityVersion = "Xcode 3.2";
			developmentRegion = English;
			hasScannedForEncodings = 0;
			knownRegions = (
				en,
			);
			mainGroup = 2A1E39411965700E009BBA44;
			productRefGroup = 2A1E394B1965700E009BBA44 /* Products */;
			projectDirPath = "";
			projectRoot = "";
			targets = (
				2A1E39491965700E009BBA44 /* Banter */,
				2A1E39641965700E009BBA44 /* BanterTests */,
			);
		};
/* End PBXProject section */

/* Begin PBXResourcesBuildPhase section */
		2A1E39481965700E009BBA44 /* Resources */ = {
			isa = PBXResourcesBuildPhase;
			buildActionMask = 2147483647;
			files = (
				2A1E39581965700E009BBA44 /* InfoPlist.strings in Resources */,
				2A1E39601965700E009BBA44 /* Images.xcassets in Resources */,
			);
			runOnlyForDeploymentPostprocessing = 0;
		};
		2A1E39631965700E009BBA44 /* Resources */ = {
			isa = PBXResourcesBuildPhase;
			buildActionMask = 2147483647;
			files = (
				2A1E39711965700E009BBA44 /* InfoPlist.strings in Resources */,
			);
			runOnlyForDeploymentPostprocessing = 0;
		};
/* End PBXResourcesBuildPhase section */

/* Begin PBXSourcesBuildPhase section */
		2A1E39461965700E009BBA44 /* Sources */ = {
			isa = PBXSourcesBuildPhase;
			buildActionMask = 2147483647;
			files = (
				2A1E395E1965700E009BBA44 /* BanterAppDelegate.m in Sources */,
				2A1E395A1965700E009BBA44 /* main.m in Sources */,
			);
			runOnlyForDeploymentPostprocessing = 0;
		};
		2A1E39611965700E009BBA44 /* Sources */ = {
			isa = PBXSourcesBuildPhase;
			buildActionMask = 2147483647;
			files = (
				2A1E39731965700E009BBA44 /* BanterTests.m in Sources */,
			);
			runOnlyForDeploymentPostprocessing = 0;
		};
/* End PBXSourcesBuildPhase section */

/* Begin PBXTargetDependency section */
		2A1E396B1965700E009BBA44 /* PBXTargetDependency */ = {
			isa = PBXTargetDependency;
			target = 2A1E39491965700E009BBA44 /* Banter */;
			targetProxy = 2A1E396A1965700E009BBA44 /* PBXContainerItemProxy */;
		};
/* End PBXTargetDependency section */

/* Begin PBXVariantGroup section */
		2A1E39561965700E009BBA44 /* InfoPlist.strings */ = {
			isa = PBXVariantGroup;
			children = (
				2A1E39571965700E009BBA44 /* en */,
			);
			name = InfoPlist.strings;
			sourceTree = "<group>";
		};
		2A1E396F1965700E009BBA44 /* InfoPlist.strings */ = {
			isa = PBXVariantGroup;
			children = (
				2A1E39701965700E009BBA44 /* en */,
			);
			name = InfoPlist.strings;
			sourceTree = "<group>";
		};
/* End PBXVariantGroup section */

/* Begin XCBuildConfiguration section */
		2A1E39741965700E009BBA44 /* Debug */ = {
			isa = XCBuildConfiguration;
			buildSettings = {
				ALWAYS_SEARCH_USER_PATHS = NO;
				CLANG_CXX_LANGUAGE_STANDARD = "gnu++0x";
				CLANG_CXX_LIBRARY = "libc++";
				CLANG_ENABLE_MODULES = YES;
				CLANG_ENABLE_OBJC_ARC = YES;
				CLANG_WARN_BOOL_CONVERSION = YES;
				CLANG_WARN_CONSTANT_CONVERSION = YES;
				CLANG_WARN_DIRECT_OBJC_ISA_USAGE = YES_ERROR;
				CLANG_WARN_EMPTY_BODY = YES;
				CLANG_WARN_ENUM_CONVERSION = YES;
				CLANG_WARN_INT_CONVERSION = YES;
				CLANG_WARN_OBJC_ROOT_CLASS = YES_ERROR;
				CLANG_WARN__DUPLICATE_METHOD_MATCH = YES;
				"CODE_SIGN_IDENTITY[sdk=iphoneos*]" = "iPhone Developer";
				COPY_PHASE_STRIP = NO;
				GCC_C_LANGUAGE_STANDARD = gnu99;
				GCC_DYNAMIC_NO_PIC = NO;
				GCC_OPTIMIZATION_LEVEL = 0;
				GCC_PREPROCESSOR_DEFINITIONS = (
					"DEBUG=1",
					"$(inherited)",
				);
				GCC_SYMBOLS_PRIVATE_EXTERN = NO;
				GCC_WARN_64_TO_32_BIT_CONVERSION = YES;
				GCC_WARN_ABOUT_RETURN_TYPE = YES_ERROR;
				GCC_WARN_UNDECLARED_SELECTOR = YES;
				GCC_WARN_UNINITIALIZED_AUTOS = YES_AGGRESSIVE;
				GCC_WARN_UNUSED_FUNCTION = YES;
				GCC_WARN_UNUSED_VARIABLE = YES;
				IPHONEOS_DEPLOYMENT_TARGET = 7.1;
				ONLY_ACTIVE_ARCH = YES;
				SDKROOT = iphoneos;
			};
			name = Debug;
		};
		2A1E39751965700E009BBA44 /* Release */ = {
			isa = XCBuildConfiguration;
			buildSettings = {
				ALWAYS_SEARCH_USER_PATHS = NO;
				CLANG_CXX_LANGUAGE_STANDARD = "gnu++0x";
				CLANG_CXX_LIBRARY = "libc++";
				CLANG_ENABLE_MODULES = YES;
				CLANG_ENABLE_OBJC_ARC = YES;
				CLANG_WARN_BOOL_CONVERSION = YES;
				CLANG_WARN_CONSTANT_CONVERSION = YES;
				CLANG_WARN_DIRECT_OBJC_ISA_USAGE = YES_ERROR;
				CLANG_WARN_EMPTY_BODY = YES;
				CLANG_WARN_ENUM_CONVERSION = YES;
				CLANG_WARN_INT_CONVERSION = YES;
				CLANG_WARN_OBJC_ROOT_CLASS = YES_ERROR;
				CLANG_WARN__DUPLICATE_METHOD_MATCH = YES;
				"CODE_SIGN_IDENTITY[sdk=iphoneos*]" = "iPhone Developer";
				COPY_PHASE_STRIP = YES;
				ENABLE_NS_ASSERTIONS = NO;
				GCC_C_LANGUAGE_STANDARD = gnu99;
				GCC_WARN_64_TO_32_BIT_CONVERSION = YES;
				GCC_WARN_ABOUT_RETURN_TYPE = YES_ERROR;
				GCC_WARN_UNDECLARED_SELECTOR = YES;
				GCC_WARN_UNINITIALIZED_AUTOS = YES_AGGRESSIVE;
				GCC_WARN_UNUSED_FUNCTION = YES;
				GCC_WARN_UNUSED_VARIABLE = YES;
				IPHONEOS_DEPLOYMENT_TARGET = 7.1;
				SDKROOT = iphoneos;
				VALIDATE_PRODUCT = YES;
			};
			name = Release;
		};
		2A1E39771965700E009BBA44 /* Debug */ = {
			isa = XCBuildConfiguration;
			buildSettings = {
				ASSETCATALOG_COMPILER_APPICON_NAME = AppIcon;
				ASSETCATALOG_COMPILER_LAUNCHIMAGE_NAME = LaunchImage;
				GCC_PRECOMPILE_PREFIX_HEADER = YES;
				GCC_PREFIX_HEADER = "Banter/Banter-Prefix.pch";
				INFOPLIST_FILE = "Banter/Banter-Info.plist";
				PRODUCT_NAME = "$(TARGET_NAME)";
				WRAPPER_EXTENSION = app;
			};
			name = Debug;
		};
		2A1E39781965700E009BBA44 /* Release */ = {
			isa = XCBuildConfiguration;
			buildSettings = {
				ASSETCATALOG_COMPILER_APPICON_NAME = AppIcon;
				ASSETCATALOG_COMPILER_LAUNCHIMAGE_NAME = LaunchImage;
				GCC_PRECOMPILE_PREFIX_HEADER = YES;
				GCC_PREFIX_HEADER = "Banter/Banter-Prefix.pch";
				INFOPLIST_FILE = "Banter/Banter-Info.plist";
				PRODUCT_NAME = "$(TARGET_NAME)";
				WRAPPER_EXTENSION = app;
			};
			name = Release;
		};
		2A1E397A1965700E009BBA44 /* Debug */ = {
			isa = XCBuildConfiguration;
			buildSettings = {
				BUNDLE_LOADER = "$(BUILT_PRODUCTS_DIR)/Banter.app/Banter";
				FRAMEWORK_SEARCH_PATHS = (
					"$(SDKROOT)/Developer/Library/Frameworks",
					"$(inherited)",
					"$(DEVELOPER_FRAMEWORKS_DIR)",
				);
				GCC_PRECOMPILE_PREFIX_HEADER = YES;
				GCC_PREFIX_HEADER = "Banter/Banter-Prefix.pch";
				GCC_PREPROCESSOR_DEFINITIONS = (
					"DEBUG=1",
					"$(inherited)",
				);
				INFOPLIST_FILE = "BanterTests/BanterTests-Info.plist";
				PRODUCT_NAME = "$(TARGET_NAME)";
				TEST_HOST = "$(BUNDLE_LOADER)";
				WRAPPER_EXTENSION = xctest;
			};
			name = Debug;
		};
		2A1E397B1965700E009BBA44 /* Release */ = {
			isa = XCBuildConfiguration;
			buildSettings = {
				BUNDLE_LOADER = "$(BUILT_PRODUCTS_DIR)/Banter.app/Banter";
				FRAMEWORK_SEARCH_PATHS = (
					"$(SDKROOT)/Developer/Library/Frameworks",
					"$(inherited)",
					"$(DEVELOPER_FRAMEWORKS_DIR)",
				);
				GCC_PRECOMPILE_PREFIX_HEADER = YES;
				GCC_PREFIX_HEADER = "Banter/Banter-Prefix.pch";
				INFOPLIST_FILE = "BanterTests/BanterTests-Info.plist";
				PRODUCT_NAME = "$(TARGET_NAME)";
				TEST_HOST = "$(BUNDLE_LOADER)";
				WRAPPER_EXTENSION = xctest;
			};
			name = Release;
		};
/* End XCBuildConfiguration section */

/* Begin XCConfigurationList section */
		2A1E39451965700E009BBA44 /* Build configuration list for PBXProject "Banter" */ = {
			isa = XCConfigurationList;
			buildConfigurations = (
				2A1E39741965700E009BBA44 /* Debug */,
				2A1E39751965700E009BBA44 /* Release */,
			);
			defaultConfigurationIsVisible = 0;
			defaultConfigurationName = Release;
		};
		2A1E39761965700E009BBA44 /* Build configuration list for PBXNativeTarget "Banter" */ = {
			isa = XCConfigurationList;
			buildConfigurations = (
				2A1E39771965700E009BBA44 /* Debug */,
				2A1E39781965700E009BBA44 /* Release */,
			);
			defaultConfigurationIsVisible = 0;
		};
		2A1E39791965700E009BBA44 /* Build configuration list for PBXNativeTarget "BanterTests" */ = {
			isa = XCConfigurationList;
			buildConfigurations = (
				2A1E397A1965700E009BBA44 /* Debug */,
				2A1E397B1965700E009BBA44 /* Release */,
			);
			defaultConfigurationIsVisible = 0;
		};
/* End XCConfigurationList section */
	};
	rootObject = 2A1E39421965700E009BBA44 /* Project object */;
}
